
Microsoft Visual Studio Solution File, Format Version 12.00
# Visual Studio Version 16
VisualStudioVersion = 16.0.28711.60
MinimumVisualStudioVersion = 10.0.40219.1
Project("{9A19103F-16F7-4668-BE54-9A1E7A4F7556}") = "BaiduMapWebservice", "BaiduWebservice_CSharp\BaiduMapWebservice.csproj", "{6A0A28E2-F304-47FB-BA61-CCE2D21DA50D}"
EndProject
Project("{FAE04EC0-301F-11D3-BF4B-00C04F79EFBC}") = "BaiduMapWebserviceTest", "BaiduWebservice_CSharp_Test\BaiduMapWebserviceTest.csproj", "{FB9D04E5-07EF-4064-AB0F-CBD936392002}"
EndProject
Project("{9A19103F-16F7-4668-BE54-9A1E7A4F7556}") = "AmapWebService", "AmapWebService_CSharp\AmapWebService.csproj", "{40050185-9CF7-4A81-A3A8-A4087F4E60F9}"
EndProject
Project("{9A19103F-16F7-4668-BE54-9A1E7A4F7556}") = "Mapservice_Core", "Mapservice_Core\Mapservice_Core.csproj", "{AF5CD9D5-CE5E-4CB6-83A1-51091646AE1B}"
EndProject
Project("{9A19103F-16F7-4668-BE54-9A1E7A4F7556}") = "AMapWebServiceTest", "AMapWebServiceTest\AMapWebServiceTest.csproj", "{7AEDC425-E2CC-4825-9EB4-0B0DC8ACDFD5}"
EndProject
Global
	GlobalSection(SolutionConfigurationPlatforms) = preSolution
		Debug|Any CPU = Debug|Any CPU
		Release|Any CPU = Release|Any CPU
	EndGlobalSection
	GlobalSection(ProjectConfigurationPlatforms) = postSolution
		{6A0A28E2-F304-47FB-BA61-CCE2D21DA50D}.Debug|Any CPU.ActiveCfg = Debug|Any CPU
		{6A0A28E2-F304-47FB-BA61-CCE2D21DA50D}.Debug|Any CPU.Build.0 = Debug|Any CPU
		{6A0A28E2-F304-47FB-BA61-CCE2D21DA50D}.Release|Any CPU.ActiveCfg = Release|Any CPU
		{6A0A28E2-F304-47FB-BA61-CCE2D21DA50D}.Release|Any CPU.Build.0 = Release|Any CPU
		{FB9D04E5-07EF-4064-AB0F-CBD936392002}.Debug|Any CPU.ActiveCfg = Debug|Any CPU
		{FB9D04E5-07EF-4064-AB0F-CBD936392002}.Debug|Any CPU.Build.0 = Debug|Any CPU
		{FB9D04E5-07EF-4064-AB0F-CBD936392002}.Release|Any CPU.ActiveCfg = Release|Any CPU
		{FB9D04E5-07EF-4064-AB0F-CBD936392002}.Release|Any CPU.Build.0 = Release|Any CPU
		{40050185-9CF7-4A81-A3A8-A4087F4E60F9}.Debug|Any CPU.ActiveCfg = Debug|Any CPU
		{40050185-9CF7-4A81-A3A8-A4087F4E60F9}.Debug|Any CPU.Build.0 = Debug|Any CPU
		{40050185-9CF7-4A81-A3A8-A4087F4E60F9}.Release|Any CPU.ActiveCfg = Release|Any CPU
		{40050185-9CF7-4A81-A3A8-A4087F4E60F9}.Release|Any CPU.Build.0 = Release|Any CPU
		{AF5CD9D5-CE5E-4CB6-83A1-51091646AE1B}.Debug|Any CPU.ActiveCfg = Debug|Any CPU
		{AF5CD9D5-CE5E-4CB6-83A1-51091646AE1B}.Debug|Any CPU.Build.0 = Debug|Any CPU
		{AF5CD9D5-CE5E-4CB6-83A1-51091646AE1B}.Release|Any CPU.ActiveCfg = Release|Any CPU
		{AF5CD9D5-CE5E-4CB6-83A1-51091646AE1B}.Release|Any CPU.Build.0 = Release|Any CPU
		{7AEDC425-E2CC-4825-9EB4-0B0DC8ACDFD5}.Debug|Any CPU.ActiveCfg = Debug|Any CPU
		{7AEDC425-E2CC-4825-9EB4-0B0DC8ACDFD5}.Debug|Any CPU.Build.0 = Debug|Any CPU
		{7AEDC425-E2CC-4825-9EB4-0B0DC8ACDFD5}.Release|Any CPU.ActiveCfg = Release|Any CPU
		{7AEDC425-E2CC-4825-9EB4-0B0DC8ACDFD5}.Release|Any CPU.Build.0 = Release|Any CPU
	EndGlobalSection
	GlobalSection(SolutionProperties) = preSolution
		HideSolutionNode = FALSE
	EndGlobalSection
	GlobalSection(ExtensibilityGlobals) = postSolution
		SolutionGuid = {4F29AB03-D213-4B55-94AB-3A8691E445C0}
	EndGlobalSection
EndGlobal
